// !$*UTF8*$!
{
	archiveVersion = 1;
	classes = {
	};
	objectVersion = 50;
	objects = {

/* Begin PBXBuildFile section */
		027E707223A5BFE500BC76FC /* AppDelegate.swift in Sources */ = {isa = PBXBuildFile; fileRef = 027E707123A5BFE500BC76FC /* AppDelegate.swift */; };
		027E707423A5BFE500BC76FC /* SceneDelegate.swift in Sources */ = {isa = PBXBuildFile; fileRef = 027E707323A5BFE500BC76FC /* SceneDelegate.swift */; };
		027E707623A5BFE500BC76FC /* ListViewController.swift in Sources */ = {isa = PBXBuildFile; fileRef = 027E707523A5BFE500BC76FC /* ListViewController.swift */; };
		027E707923A5BFE500BC76FC /* Main.storyboard in Resources */ = {isa = PBXBuildFile; fileRef = 027E707723A5BFE500BC76FC /* Main.storyboard */; };
		027E707C23A5BFE500BC76FC /* CodingChallenge2.xcdatamodeld in Sources */ = {isa = PBXBuildFile; fileRef = 027E707A23A5BFE500BC76FC /* CodingChallenge2.xcdatamodeld */; };
		027E707E23A5BFE700BC76FC /* Assets.xcassets in Resources */ = {isa = PBXBuildFile; fileRef = 027E707D23A5BFE700BC76FC /* Assets.xcassets */; };
		027E708123A5BFE700BC76FC /* LaunchScreen.storyboard in Resources */ = {isa = PBXBuildFile; fileRef = 027E707F23A5BFE700BC76FC /* LaunchScreen.storyboard */; };
		027E708C23A5BFE700BC76FC /* CodingChallenge2Tests.swift in Sources */ = {isa = PBXBuildFile; fileRef = 027E708B23A5BFE700BC76FC /* CodingChallenge2Tests.swift */; };
		027E70A123A5C4FB00BC76FC /* ImageViewController.swift in Sources */ = {isa = PBXBuildFile; fileRef = 027E70A023A5C4FB00BC76FC /* ImageViewController.swift */; };
		027E70A323A5C5BD00BC76FC /* CollectionViewController.swift in Sources */ = {isa = PBXBuildFile; fileRef = 027E70A223A5C5BD00BC76FC /* CollectionViewController.swift */; };
		027E70A923A6ECF700BC76FC /* ImageTableCell.xib in Resources */ = {isa = PBXBuildFile; fileRef = 027E70A823A6ECF700BC76FC /* ImageTableCell.xib */; };
		027E70AB23A6ED0C00BC76FC /* ImageTableCell.swift in Sources */ = {isa = PBXBuildFile; fileRef = 027E70AA23A6ED0C00BC76FC /* ImageTableCell.swift */; };
		027E70AF23A6F6E300BC76FC /* Song.swift in Sources */ = {isa = PBXBuildFile; fileRef = 027E70AE23A6F6E300BC76FC /* Song.swift */; };
		027E70B123A6F99C00BC76FC /* SongManager.swift in Sources */ = {isa = PBXBuildFile; fileRef = 027E70B023A6F99C00BC76FC /* SongManager.swift */; };
		027E70B323A80FFD00BC76FC /* songslist.json in Resources */ = {isa = PBXBuildFile; fileRef = 027E70B223A80FFD00BC76FC /* songslist.json */; };
/* End PBXBuildFile section */

/* Begin PBXContainerItemProxy section */
		027E708823A5BFE700BC76FC /* PBXContainerItemProxy */ = {
			isa = PBXContainerItemProxy;
			containerPortal = 027E706623A5BFE500BC76FC /* Project object */;
			proxyType = 1;
			remoteGlobalIDString = 027E706D23A5BFE500BC76FC;
			remoteInfo = CodingChallenge2;
		};
/* End PBXContainerItemProxy section */

/* Begin PBXFileReference section */
		027E706E23A5BFE500BC76FC /* CodingChallenge2.app */ = {isa = PBXFileReference; explicitFileType = wrapper.application; includeInIndex = 0; path = CodingChallenge2.app; sourceTree = BUILT_PRODUCTS_DIR; };
		027E707123A5BFE500BC76FC /* AppDelegate.swift */ = {isa = PBXFileReference; lastKnownFileType = sourcecode.swift; path = AppDelegate.swift; sourceTree = "<group>"; };
		027E707323A5BFE500BC76FC /* SceneDelegate.swift */ = {isa = PBXFileReference; lastKnownFileType = sourcecode.swift; path = SceneDelegate.swift; sourceTree = "<group>"; };
		027E707523A5BFE500BC76FC /* ListViewController.swift */ = {isa = PBXFileReference; lastKnownFileType = sourcecode.swift; path = ListViewController.swift; sourceTree = "<group>"; };
		027E707823A5BFE500BC76FC /* Base */ = {isa = PBXFileReference; lastKnownFileType = file.storyboard; name = Base; path = Base.lproj/Main.storyboard; sourceTree = "<group>"; };
		027E707B23A5BFE500BC76FC /* CodingChallenge2.xcdatamodel */ = {isa = PBXFileReference; lastKnownFileType = wrapper.xcdatamodel; path = CodingChallenge2.xcdatamodel; sourceTree = "<group>"; };
		027E707D23A5BFE700BC76FC /* Assets.xcassets */ = {isa = PBXFileReference; lastKnownFileType = folder.assetcatalog; path = Assets.xcassets; sourceTree = "<group>"; };
		027E708023A5BFE700BC76FC /* Base */ = {isa = PBXFileReference; lastKnownFileType = file.storyboard; name = Base; path = Base.lproj/LaunchScreen.storyboard; sourceTree = "<group>"; };
		027E708223A5BFE700BC76FC /* Info.plist */ = {isa = PBXFileReference; lastKnownFileType = text.plist.xml; path = Info.plist; sourceTree = "<group>"; };
		027E708723A5BFE700BC76FC /* CodingChallenge2Tests.xctest */ = {isa = PBXFileReference; explicitFileType = wrapper.cfbundle; includeInIndex = 0; path = CodingChallenge2Tests.xctest; sourceTree = BUILT_PRODUCTS_DIR; };
		027E708B23A5BFE700BC76FC /* CodingChallenge2Tests.swift */ = {isa = PBXFileReference; lastKnownFileType = sourcecode.swift; path = CodingChallenge2Tests.swift; sourceTree = "<group>"; };
		027E708D23A5BFE700BC76FC /* Info.plist */ = {isa = PBXFileReference; lastKnownFileType = text.plist.xml; path = Info.plist; sourceTree = "<group>"; };
		027E70A023A5C4FB00BC76FC /* ImageViewController.swift */ = {isa = PBXFileReference; lastKnownFileType = sourcecode.swift; path = ImageViewController.swift; sourceTree = "<group>"; };
		027E70A223A5C5BD00BC76FC /* CollectionViewController.swift */ = {isa = PBXFileReference; lastKnownFileType = sourcecode.swift; path = CollectionViewController.swift; sourceTree = "<group>"; };
		027E70A823A6ECF700BC76FC /* ImageTableCell.xib */ = {isa = PBXFileReference; lastKnownFileType = file.xib; path = ImageTableCell.xib; sourceTree = "<group>"; };
		027E70AA23A6ED0C00BC76FC /* ImageTableCell.swift */ = {isa = PBXFileReference; lastKnownFileType = sourcecode.swift; path = ImageTableCell.swift; sourceTree = "<group>"; };
		027E70AE23A6F6E300BC76FC /* Song.swift */ = {isa = PBXFileReference; lastKnownFileType = sourcecode.swift; path = Song.swift; sourceTree = "<group>"; };
		027E70B023A6F99C00BC76FC /* SongManager.swift */ = {isa = PBXFileReference; lastKnownFileType = sourcecode.swift; path = SongManager.swift; sourceTree = "<group>"; };
		027E70B223A80FFD00BC76FC /* songslist.json */ = {isa = PBXFileReference; fileEncoding = 4; lastKnownFileType = text.json; name = songslist.json; path = ../../../../Downloads/songslist.json; sourceTree = "<group>"; };
/* End PBXFileReference section */

/* Begin PBXFrameworksBuildPhase section */
		027E706B23A5BFE500BC76FC /* Frameworks */ = {
			isa = PBXFrameworksBuildPhase;
			buildActionMask = 2147483647;
			files = (
			);
			runOnlyForDeploymentPostprocessing = 0;
		};
		027E708423A5BFE700BC76FC /* Frameworks */ = {
			isa = PBXFrameworksBuildPhase;
			buildActionMask = 2147483647;
			files = (
			);
			runOnlyForDeploymentPostprocessing = 0;
		};
/* End PBXFrameworksBuildPhase section */

/* Begin PBXGroup section */
		027E706523A5BFE500BC76FC = {
			isa = PBXGroup;
			children = (
				027E707023A5BFE500BC76FC /* CodingChallenge2 */,
				027E708A23A5BFE700BC76FC /* CodingChallenge2Tests */,
				027E706F23A5BFE500BC76FC /* Products */,
			);
			sourceTree = "<group>";
		};
		027E706F23A5BFE500BC76FC /* Products */ = {
			isa = PBXGroup;
			children = (
				027E706E23A5BFE500BC76FC /* CodingChallenge2.app */,
				027E708723A5BFE700BC76FC /* CodingChallenge2Tests.xctest */,
			);
			name = Products;
			sourceTree = "<group>";
		};
		027E707023A5BFE500BC76FC /* CodingChallenge2 */ = {
			isa = PBXGroup;
			children = (
				027E709823A5C01200BC76FC /* Model */,
				027E709723A5C00700BC76FC /* ViewController */,
				027E709623A5BFFC00BC76FC /* View */,
				027E709923A5C01900BC76FC /* Services */,
				027E709D23A5C40A00BC76FC /* Storyboard */,
				027E709C23A5C23600BC76FC /* Extensions */,
				027E70B223A80FFD00BC76FC /* songslist.json */,
				027E707123A5BFE500BC76FC /* AppDelegate.swift */,
				027E707323A5BFE500BC76FC /* SceneDelegate.swift */,
				027E708223A5BFE700BC76FC /* Info.plist */,
				027E707A23A5BFE500BC76FC /* CodingChallenge2.xcdatamodeld */,
			);
			path = CodingChallenge2;
			sourceTree = "<group>";
		};
		027E708A23A5BFE700BC76FC /* CodingChallenge2Tests */ = {
			isa = PBXGroup;
			children = (
				027E708B23A5BFE700BC76FC /* CodingChallenge2Tests.swift */,
				027E708D23A5BFE700BC76FC /* Info.plist */,
			);
			path = CodingChallenge2Tests;
			sourceTree = "<group>";
		};
		027E709623A5BFFC00BC76FC /* View */ = {
			isa = PBXGroup;
			children = (
				027E707D23A5BFE700BC76FC /* Assets.xcassets */,
				027E70A823A6ECF700BC76FC /* ImageTableCell.xib */,
				027E70AA23A6ED0C00BC76FC /* ImageTableCell.swift */,
			);
			path = View;
			sourceTree = "<group>";
		};
		027E709723A5C00700BC76FC /* ViewController */ = {
			isa = PBXGroup;
			children = (
				027E707523A5BFE500BC76FC /* ListViewController.swift */,
				027E70A223A5C5BD00BC76FC /* CollectionViewController.swift */,
				027E70A023A5C4FB00BC76FC /* ImageViewController.swift */,
			);
			path = ViewController;
			sourceTree = "<group>";
		};
		027E709823A5C01200BC76FC /* Model */ = {
			isa = PBXGroup;
			children = (
				027E70AE23A6F6E300BC76FC /* Song.swift */,
			);
			path = Model;
			sourceTree = "<group>";
		};
		027E709923A5C01900BC76FC /* Services */ = {
			isa = PBXGroup;
			children = (
				027E70B023A6F99C00BC76FC /* SongManager.swift */,
			);
			path = Services;
			sourceTree = "<group>";
		};
		027E709C23A5C23600BC76FC /* Extensions */ = {
			isa = PBXGroup;
			children = (
			);
			path = Extensions;
			sourceTree = "<group>";
		};
		027E709D23A5C40A00BC76FC /* Storyboard */ = {
			isa = PBXGroup;
			children = (
				027E707723A5BFE500BC76FC /* Main.storyboard */,
				027E707F23A5BFE700BC76FC /* LaunchScreen.storyboard */,
			);
			path = Storyboard;
			sourceTree = "<group>";
		};
/* End PBXGroup section */

/* Begin PBXNativeTarget section */
		027E706D23A5BFE500BC76FC /* CodingChallenge2 */ = {
			isa = PBXNativeTarget;
			buildConfigurationList = 027E709023A5BFE700BC76FC /* Build configuration list for PBXNativeTarget "CodingChallenge2" */;
			buildPhases = (
				027E706A23A5BFE500BC76FC /* Sources */,
				027E706B23A5BFE500BC76FC /* Frameworks */,
				027E706C23A5BFE500BC76FC /* Resources */,
			);
			buildRules = (
			);
			dependencies = (
			);
			name = CodingChallenge2;
			productName = CodingChallenge2;
			productReference = 027E706E23A5BFE500BC76FC /* CodingChallenge2.app */;
			productType = "com.apple.product-type.application";
		};
		027E708623A5BFE700BC76FC /* CodingChallenge2Tests */ = {
			isa = PBXNativeTarget;
			buildConfigurationList = 027E709323A5BFE700BC76FC /* Build configuration list for PBXNativeTarget "CodingChallenge2Tests" */;
			buildPhases = (
				027E708323A5BFE700BC76FC /* Sources */,
				027E708423A5BFE700BC76FC /* Frameworks */,
				027E708523A5BFE700BC76FC /* Resources */,
			);
			buildRules = (
			);
			dependencies = (
				027E708923A5BFE700BC76FC /* PBXTargetDependency */,
			);
			name = CodingChallenge2Tests;
			productName = CodingChallenge2Tests;
			productReference = 027E708723A5BFE700BC76FC /* CodingChallenge2Tests.xctest */;
			productType = "com.apple.product-type.bundle.unit-test";
		};
/* End PBXNativeTarget section */

/* Begin PBXProject section */
		027E706623A5BFE500BC76FC /* Project object */ = {
			isa = PBXProject;
			attributes = {
				LastSwiftUpdateCheck = 1130;
				LastUpgradeCheck = 1130;
				ORGANIZATIONNAME = MAC;
				TargetAttributes = {
					027E706D23A5BFE500BC76FC = {
						CreatedOnToolsVersion = 11.3;
					};
					027E708623A5BFE700BC76FC = {
						CreatedOnToolsVersion = 11.3;
						TestTargetID = 027E706D23A5BFE500BC76FC;
					};
				};
			};
			buildConfigurationList = 027E706923A5BFE500BC76FC /* Build configuration list for PBXProject "CodingChallenge2" */;
			compatibilityVersion = "Xcode 9.3";
			developmentRegion = en;
			hasScannedForEncodings = 0;
			knownRegions = (
				en,
				Base,
			);
			mainGroup = 027E706523A5BFE500BC76FC;
			productRefGroup = 027E706F23A5BFE500BC76FC /* Products */;
			projectDirPath = "";
			projectRoot = "";
			targets = (
				027E706D23A5BFE500BC76FC /* CodingChallenge2 */,
				027E708623A5BFE700BC76FC /* CodingChallenge2Tests */,
			);
		};
/* End PBXProject section */

/* Begin PBXResourcesBuildPhase section */
		027E706C23A5BFE500BC76FC /* Resources */ = {
			isa = PBXResourcesBuildPhase;
			buildActionMask = 2147483647;
			files = (
				027E708123A5BFE700BC76FC /* LaunchScreen.storyboard in Resources */,
				027E707E23A5BFE700BC76FC /* Assets.xcassets in Resources */,
				027E70A923A6ECF700BC76FC /* ImageTableCell.xib in Resources */,
				027E707923A5BFE500BC76FC /* Main.storyboard in Resources */,
				027E70B323A80FFD00BC76FC /* songslist.json in Resources */,
			);
			runOnlyForDeploymentPostprocessing = 0;
		};
		027E708523A5BFE700BC76FC /* Resources */ = {
			isa = PBXResourcesBuildPhase;
			buildActionMask = 2147483647;
			files = (
			);
			runOnlyForDeploymentPostprocessing = 0;
		};
/* End PBXResourcesBuildPhase section */

/* Begin PBXSourcesBuildPhase section */
		027E706A23A5BFE500BC76FC /* Sources */ = {
			isa = PBXSourcesBuildPhase;
			buildActionMask = 2147483647;
			files = (
				027E70A323A5C5BD00BC76FC /* CollectionViewController.swift in Sources */,
				027E707623A5BFE500BC76FC /* ListViewController.swift in Sources */,
				027E707223A5BFE500BC76FC /* AppDelegate.swift in Sources */,
				027E707C23A5BFE500BC76FC /* CodingChallenge2.xcdatamodeld in Sources */,
				027E70AF23A6F6E300BC76FC /* Song.swift in Sources */,
				027E70A123A5C4FB00BC76FC /* ImageViewController.swift in Sources */,
				027E70B123A6F99C00BC76FC /* SongManager.swift in Sources */,
				027E70AB23A6ED0C00BC76FC /* ImageTableCell.swift in Sources */,
				027E707423A5BFE500BC76FC /* SceneDelegate.swift in Sources */,
			);
			runOnlyForDeploymentPostprocessing = 0;
		};
		027E708323A5BFE700BC76FC /* Sources */ = {
			isa = PBXSourcesBuildPhase;
			buildActionMask = 2147483647;
			files = (
				027E708C23A5BFE700BC76FC /* CodingChallenge2Tests.swift in Sources */,
			);
			runOnlyForDeploymentPostprocessing = 0;
		};
/* End PBXSourcesBuildPhase section */

/* Begin PBXTargetDependency section */
		027E708923A5BFE700BC76FC /* PBXTargetDependency */ = {
			isa = PBXTargetDependency;
			target = 027E706D23A5BFE500BC76FC /* CodingChallenge2 */;
			targetProxy = 027E708823A5BFE700BC76FC /* PBXContainerItemProxy */;
		};
/* End PBXTargetDependency section */

/* Begin PBXVariantGroup section */
		027E707723A5BFE500BC76FC /* Main.storyboard */ = {
			isa = PBXVariantGroup;
			children = (
				027E707823A5BFE500BC76FC /* Base */,
			);
			name = Main.storyboard;
			sourceTree = "<group>";
		};
		027E707F23A5BFE700BC76FC /* LaunchScreen.storyboard */ = {
			isa = PBXVariantGroup;
			children = (
				027E708023A5BFE700BC76FC /* Base */,
			);
			name = LaunchScreen.storyboard;
			sourceTree = "<group>";
		};
/* End PBXVariantGroup section */

/* Begin XCBuildConfiguration section */
		027E708E23A5BFE700BC76FC /* Debug */ = {
			isa = XCBuildConfiguration;
			buildSettings = {
				ALWAYS_SEARCH_USER_PATHS = NO;
				CLANG_ANALYZER_NONNULL = YES;
				CLANG_ANALYZER_NUMBER_OBJECT_CONVERSION = YES_AGGRESSIVE;
				CLANG_CXX_LANGUAGE_STANDARD = "gnu++14";
				CLANG_CXX_LIBRARY = "libc++";
				CLANG_ENABLE_MODULES = YES;
				CLANG_ENABLE_OBJC_ARC = YES;
				CLANG_ENABLE_OBJC_WEAK = YES;
				CLANG_WARN_BLOCK_CAPTURE_AUTORELEASING = YES;
				CLANG_WARN_BOOL_CONVERSION = YES;
				CLANG_WARN_COMMA = YES;
				CLANG_WARN_CONSTANT_CONVERSION = YES;
				CLANG_WARN_DEPRECATED_OBJC_IMPLEMENTATIONS = YES;
				CLANG_WARN_DIRECT_OBJC_ISA_USAGE = YES_ERROR;
				CLANG_WARN_DOCUMENTATION_COMMENTS = YES;
				CLANG_WARN_EMPTY_BODY = YES;
				CLANG_WARN_ENUM_CONVERSION = YES;
				CLANG_WARN_INFINITE_RECURSION = YES;
				CLANG_WARN_INT_CONVERSION = YES;
				CLANG_WARN_NON_LITERAL_NULL_CONVERSION = YES;
				CLANG_WARN_OBJC_IMPLICIT_RETAIN_SELF = YES;
				CLANG_WARN_OBJC_LITERAL_CONVERSION = YES;
				CLANG_WARN_OBJC_ROOT_CLASS = YES_ERROR;
				CLANG_WARN_RANGE_LOOP_ANALYSIS = YES;
				CLANG_WARN_STRICT_PROTOTYPES = YES;
				CLANG_WARN_SUSPICIOUS_MOVE = YES;
				CLANG_WARN_UNGUARDED_AVAILABILITY = YES_AGGRESSIVE;
				CLANG_WARN_UNREACHABLE_CODE = YES;
				CLANG_WARN__DUPLICATE_METHOD_MATCH = YES;
				COPY_PHASE_STRIP = NO;
				DEBUG_INFORMATION_FORMAT = dwarf;
				ENABLE_STRICT_OBJC_MSGSEND = YES;
				ENABLE_TESTABILITY = YES;
				GCC_C_LANGUAGE_STANDARD = gnu11;
				GCC_DYNAMIC_NO_PIC = NO;
				GCC_NO_COMMON_BLOCKS = YES;
				GCC_OPTIMIZATION_LEVEL = 0;
				GCC_PREPROCESSOR_DEFINITIONS = (
					"DEBUG=1",
					"$(inherited)",
				);
				GCC_WARN_64_TO_32_BIT_CONVERSION = YES;
				GCC_WARN_ABOUT_RETURN_TYPE = YES_ERROR;
				GCC_WARN_UNDECLARED_SELECTOR = YES;
				GCC_WARN_UNINITIALIZED_AUTOS = YES_AGGRESSIVE;
				GCC_WARN_UNUSED_FUNCTION = YES;
				GCC_WARN_UNUSED_VARIABLE = YES;
				IPHONEOS_DEPLOYMENT_TARGET = 13.2;
				MTL_ENABLE_DEBUG_INFO = INCLUDE_SOURCE;
				MTL_FAST_MATH = YES;
				ONLY_ACTIVE_ARCH = YES;
				SDKROOT = iphoneos;
				SWIFT_ACTIVE_COMPILATION_CONDITIONS = DEBUG;
				SWIFT_OPTIMIZATION_LEVEL = "-Onone";
			};
			name = Debug;
		};
		027E708F23A5BFE700BC76FC /* Release */ = {
			isa = XCBuildConfiguration;
			buildSettings = {
				ALWAYS_SEARCH_USER_PATHS = NO;
				CLANG_ANALYZER_NONNULL = YES;
				CLANG_ANALYZER_NUMBER_OBJECT_CONVERSION = YES_AGGRESSIVE;
				CLANG_CXX_LANGUAGE_STANDARD = "gnu++14";
				CLANG_CXX_LIBRARY = "libc++";
				CLANG_ENABLE_MODULES = YES;
				CLANG_ENABLE_OBJC_ARC = YES;
				CLANG_ENABLE_OBJC_WEAK = YES;
				CLANG_WARN_BLOCK_CAPTURE_AUTORELEASING = YES;
				CLANG_WARN_BOOL_CONVERSION = YES;
				CLANG_WARN_COMMA = YES;
				CLANG_WARN_CONSTANT_CONVERSION = YES;
				CLANG_WARN_DEPRECATED_OBJC_IMPLEMENTATIONS = YES;
				CLANG_WARN_DIRECT_OBJC_ISA_USAGE = YES_ERROR;
				CLANG_WARN_DOCUMENTATION_COMMENTS = YES;
				CLANG_WARN_EMPTY_BODY = YES;
				CLANG_WARN_ENUM_CONVERSION = YES;
				CLANG_WARN_INFINITE_RECURSION = YES;
				CLANG_WARN_INT_CONVERSION = YES;
				CLANG_WARN_NON_LITERAL_NULL_CONVERSION = YES;
				CLANG_WARN_OBJC_IMPLICIT_RETAIN_SELF = YES;
				CLANG_WARN_OBJC_LITERAL_CONVERSION = YES;
				CLANG_WARN_OBJC_ROOT_CLASS = YES_ERROR;
				CLANG_WARN_RANGE_LOOP_ANALYSIS = YES;
				CLANG_WARN_STRICT_PROTOTYPES = YES;
				CLANG_WARN_SUSPICIOUS_MOVE = YES;
				CLANG_WARN_UNGUARDED_AVAILABILITY = YES_AGGRESSIVE;
				CLANG_WARN_UNREACHABLE_CODE = YES;
				CLANG_WARN__DUPLICATE_METHOD_MATCH = YES;
				COPY_PHASE_STRIP = NO;
				DEBUG_INFORMATION_FORMAT = "dwarf-with-dsym";
				ENABLE_NS_ASSERTIONS = NO;
				ENABLE_STRICT_OBJC_MSGSEND = YES;
				GCC_C_LANGUAGE_STANDARD = gnu11;
				GCC_NO_COMMON_BLOCKS = YES;
				GCC_WARN_64_TO_32_BIT_CONVERSION = YES;
				GCC_WARN_ABOUT_RETURN_TYPE = YES_ERROR;
				GCC_WARN_UNDECLARED_SELECTOR = YES;
				GCC_WARN_UNINITIALIZED_AUTOS = YES_AGGRESSIVE;
				GCC_WARN_UNUSED_FUNCTION = YES;
				GCC_WARN_UNUSED_VARIABLE = YES;
				IPHONEOS_DEPLOYMENT_TARGET = 13.2;
				MTL_ENABLE_DEBUG_INFO = NO;
				MTL_FAST_MATH = YES;
				SDKROOT = iphoneos;
				SWIFT_COMPILATION_MODE = wholemodule;
				SWIFT_OPTIMIZATION_LEVEL = "-O";
				VALIDATE_PRODUCT = YES;
			};
			name = Release;
		};
		027E709123A5BFE700BC76FC /* Debug */ = {
			isa = XCBuildConfiguration;
			buildSettings = {
				ASSETCATALOG_COMPILER_APPICON_NAME = AppIcon;
				CODE_SIGN_STYLE = Automatic;
				DEVELOPMENT_TEAM = Z6HYJ5UY9Q;
				INFOPLIST_FILE = CodingChallenge2/Info.plist;
				LD_RUNPATH_SEARCH_PATHS = (
					"$(inherited)",
					"@executable_path/Frameworks",
				);
				PRODUCT_BUNDLE_IDENTIFIER = MAC.CodingChallenge2;
				PRODUCT_NAME = "$(TARGET_NAME)";
				SWIFT_VERSION = 5.0;
				TARGETED_DEVICE_FAMILY = "1,2";
			};
			name = Debug;
		};
		027E709223A5BFE700BC76FC /* Release */ = {
			isa = XCBuildConfiguration;
			buildSettings = {
				ASSETCATALOG_COMPILER_APPICON_NAME = AppIcon;
				CODE_SIGN_STYLE = Automatic;
				DEVELOPMENT_TEAM = Z6HYJ5UY9Q;
				INFOPLIST_FILE = CodingChallenge2/Info.plist;
				LD_RUNPATH_SEARCH_PATHS = (
					"$(inherited)",
					"@executable_path/Frameworks",
				);
				PRODUCT_BUNDLE_IDENTIFIER = MAC.CodingChallenge2;
				PRODUCT_NAME = "$(TARGET_NAME)";
				SWIFT_VERSION = 5.0;
				TARGETED_DEVICE_FAMILY = "1,2";
			};
			name = Release;
		};
		027E709423A5BFE700BC76FC /* Debug */ = {
			isa = XCBuildConfiguration;
			buildSettings = {
				ALWAYS_EMBED_SWIFT_STANDARD_LIBRARIES = YES;
				BUNDLE_LOADER = "$(TEST_HOST)";
				CODE_SIGN_STYLE = Automatic;
				DEVELOPMENT_TEAM = Z6HYJ5UY9Q;
				INFOPLIST_FILE = CodingChallenge2Tests/Info.plist;
				IPHONEOS_DEPLOYMENT_TARGET = 13.2;
				LD_RUNPATH_SEARCH_PATHS = (
					"$(inherited)",
					"@executable_path/Frameworks",
					"@loader_path/Frameworks",
				);
				PRODUCT_BUNDLE_IDENTIFIER = MAC.CodingChallenge2Tests;
				PRODUCT_NAME = "$(TARGET_NAME)";
				SWIFT_VERSION = 5.0;
				TARGETED_DEVICE_FAMILY = "1,2";
				TEST_HOST = "$(BUILT_PRODUCTS_DIR)/CodingChallenge2.app/CodingChallenge2";
			};
			name = Debug;
		};
		027E709523A5BFE700BC76FC /* Release */ = {
			isa = XCBuildConfiguration;
			buildSettings = {
				ALWAYS_EMBED_SWIFT_STANDARD_LIBRARIES = YES;
				BUNDLE_LOADER = "$(TEST_HOST)";
				CODE_SIGN_STYLE = Automatic;
				DEVELOPMENT_TEAM = Z6HYJ5UY9Q;
				INFOPLIST_FILE = CodingChallenge2Tests/Info.plist;
				IPHONEOS_DEPLOYMENT_TARGET = 13.2;
				LD_RUNPATH_SEARCH_PATHS = (
					"$(inherited)",
					"@executable_path/Frameworks",
					"@loader_path/Frameworks",
				);
				PRODUCT_BUNDLE_IDENTIFIER = MAC.CodingChallenge2Tests;
				PRODUCT_NAME = "$(TARGET_NAME)";
				SWIFT_VERSION = 5.0;
				TARGETED_DEVICE_FAMILY = "1,2";
				TEST_HOST = "$(BUILT_PRODUCTS_DIR)/CodingChallenge2.app/CodingChallenge2";
			};
			name = Release;
		};
/* End XCBuildConfiguration section */

/* Begin XCConfigurationList section */
		027E706923A5BFE500BC76FC /* Build configuration list for PBXProject "CodingChallenge2" */ = {
			isa = XCConfigurationList;
			buildConfigurations = (
				027E708E23A5BFE700BC76FC /* Debug */,
				027E708F23A5BFE700BC76FC /* Release */,
			);
			defaultConfigurationIsVisible = 0;
			defaultConfigurationName = Release;
		};
		027E709023A5BFE700BC76FC /* Build configuration list for PBXNativeTarget "CodingChallenge2" */ = {
			isa = XCConfigurationList;
			buildConfigurations = (
				027E709123A5BFE700BC76FC /* Debug */,
				027E709223A5BFE700BC76FC /* Release */,
			);
			defaultConfigurationIsVisible = 0;
			defaultConfigurationName = Release;
		};
		027E709323A5BFE700BC76FC /* Build configuration list for PBXNativeTarget "CodingChallenge2Tests" */ = {
			isa = XCConfigurationList;
			buildConfigurations = (
				027E709423A5BFE700BC76FC /* Debug */,
				027E709523A5BFE700BC76FC /* Release */,
			);
			defaultConfigurationIsVisible = 0;
			defaultConfigurationName = Release;
		};
/* End XCConfigurationList section */

/* Begin XCVersionGroup section */
		027E707A23A5BFE500BC76FC /* CodingChallenge2.xcdatamodeld */ = {
			isa = XCVersionGroup;
			children = (
				027E707B23A5BFE500BC76FC /* CodingChallenge2.xcdatamodel */,
			);
			currentVersion = 027E707B23A5BFE500BC76FC /* CodingChallenge2.xcdatamodel */;
			path = CodingChallenge2.xcdatamodeld;
			sourceTree = "<group>";
			versionGroupType = wrapper.xcdatamodel;
		};
/* End XCVersionGroup section */
	};
	rootObject = 027E706623A5BFE500BC76FC /* Project object */;
}
